Microsoft Visual Studio Solution File, Format Version 12.00
# Visual Studio Version 17
VisualStudioVersion = 17.5.2.0
MinimumVisualStudioVersion = 10.0.40219.1
Project("{2150E333-8FDC-42A3-9474-1A3956D46DE8}") = "CSharp", "CSharp", "{B41BF331-FCCB-2ADF-CDB6-767964B34647}"
EndProject
Project("{FAE04EC0-301F-11D3-BF4B-00C04F79EFBC}") = "Algorithms", "CSharp\Algorithms\Algorithms.csproj", "{1DA96C40-54CF-54DD-7DE1-4DD7D18F74EE}"
EndProject
Global
	GlobalSection(SolutionConfigurationPlatforms) = preSolution
		Debug|Any CPU = Debug|Any CPU
		Release|Any CPU = Release|Any CPU
	EndGlobalSection
	GlobalSection(ProjectConfigurationPlatforms) = postSolution
		{1DA96C40-54CF-54DD-7DE1-4DD7D18F74EE}.Debug|Any CPU.ActiveCfg = Debug|Any CPU
		{1DA96C40-54CF-54DD-7DE1-4DD7D18F74EE}.Debug|Any CPU.Build.0 = Debug|Any CPU
		{1DA96C40-54CF-54DD-7DE1-4DD7D18F74EE}.Release|Any CPU.ActiveCfg = Release|Any CPU
		{1DA96C40-54CF-54DD-7DE1-4DD7D18F74EE}.Release|Any CPU.Build.0 = Release|Any CPU
	EndGlobalSection
	GlobalSection(SolutionProperties) = preSolution
		HideSolutionNode = FALSE
	EndGlobalSection
	GlobalSection(NestedProjects) = preSolution
		{1DA96C40-54CF-54DD-7DE1-4DD7D18F74EE} = {B41BF331-FCCB-2ADF-CDB6-767964B34647}
	EndGlobalSection
	GlobalSection(ExtensibilityGlobals) = postSolution
		SolutionGuid = {064D706E-5F47-4AA0-A0F4-F5AD3936D9FB}
	EndGlobalSection
EndGlobal
